
Microsoft Visual Studio Solution File, Format Version 12.00
# Visual Studio Version 16
VisualStudioVersion = 16.0.30906.181
MinimumVisualStudioVersion = 10.0.40219.1
Project("{FAE04EC0-301F-11D3-BF4B-00C04F79EFBC}") = "WebApplication4", "WebApplication4\WebApplication4.csproj", "{DE3007AF-769F-46A0-B2B4-0C08B9B84443}"
EndProject
Global
	GlobalSection(SolutionConfigurationPlatforms) = preSolution
		Debug|Any CPU = Debug|Any CPU
		Release|Any CPU = Release|Any CPU
	EndGlobalSection
	GlobalSection(ProjectConfigurationPlatforms) = postSolution
		{DE3007AF-769F-46A0-B2B4-0C08B9B84443}.Debug|Any CPU.ActiveCfg = Debug|Any CPU
		{DE3007AF-769F-46A0-B2B4-0C08B9B84443}.Debug|Any CPU.Build.0 = Debug|Any CPU
		{DE3007AF-769F-46A0-B2B4-0C08B9B84443}.Release|Any CPU.ActiveCfg = Release|Any CPU
		{DE3007AF-769F-46A0-B2B4-0C08B9B84443}.Release|Any CPU.Build.0 = Release|Any CPU
	EndGlobalSection
	GlobalSection(SolutionProperties) = preSolution
		HideSolutionNode = FALSE
	EndGlobalSection
	GlobalSection(ExtensibilityGlobals) = postSolution
		SolutionGuid = {1225F97A-6CE2-4AA3-8BC3-3707A50355F1}
	EndGlobalSection
EndGlobal
